
Microsoft Visual Studio Solution File, Format Version 12.00
# Visual Studio Version 17
VisualStudioVersion = 17.4.33122.133
MinimumVisualStudioVersion = 10.0.40219.1
Project("{FAE04EC0-301F-11D3-BF4B-00C04F79EFBC}") = "Crud net y angular", "Crud net y angular\Crud net y angular.csproj", "{B1087027-440E-4DA4-9E1B-386671033C0B}"
EndProject
Global
	GlobalSection(SolutionConfigurationPlatforms) = preSolution
		Debug|Any CPU = Debug|Any CPU
		Release|Any CPU = Release|Any CPU
	EndGlobalSection
	GlobalSection(ProjectConfigurationPlatforms) = postSolution
		{B1087027-440E-4DA4-9E1B-386671033C0B}.Debug|Any CPU.ActiveCfg = Debug|Any CPU
		{B1087027-440E-4DA4-9E1B-386671033C0B}.Debug|Any CPU.Build.0 = Debug|Any CPU
		{B1087027-440E-4DA4-9E1B-386671033C0B}.Release|Any CPU.ActiveCfg = Release|Any CPU
		{B1087027-440E-4DA4-9E1B-386671033C0B}.Release|Any CPU.Build.0 = Release|Any CPU
	EndGlobalSection
	GlobalSection(SolutionProperties) = preSolution
		HideSolutionNode = FALSE
	EndGlobalSection
	GlobalSection(ExtensibilityGlobals) = postSolution
		SolutionGuid = {90EC1FC8-9151-481F-A378-A065276895BC}
	EndGlobalSection
EndGlobal
